
Microsoft Visual Studio Solution File, Format Version 12.00
# Visual Studio 15
VisualStudioVersion = 15.0.27703.2026
MinimumVisualStudioVersion = 10.0.40219.1
Project("{FAE04EC0-301F-11D3-BF4B-00C04F79EFBC}") = "JSON_Tool", "JSON_Tool\JSON_Tool.csproj", "{C1C4E05F-5FAA-49EC-B715-8F0E138A192C}"
EndProject
Global
	GlobalSection(SolutionConfigurationPlatforms) = preSolution
		Debug|Any CPU = Debug|Any CPU
		Release|Any CPU = Release|Any CPU
	EndGlobalSection
	GlobalSection(ProjectConfigurationPlatforms) = postSolution
		{C1C4E05F-5FAA-49EC-B715-8F0E138A192C}.Debug|Any CPU.ActiveCfg = Debug|Any CPU
		{C1C4E05F-5FAA-49EC-B715-8F0E138A192C}.Debug|Any CPU.Build.0 = Debug|Any CPU
		{C1C4E05F-5FAA-49EC-B715-8F0E138A192C}.Release|Any CPU.ActiveCfg = Release|Any CPU
		{C1C4E05F-5FAA-49EC-B715-8F0E138A192C}.Release|Any CPU.Build.0 = Release|Any CPU
	EndGlobalSection
	GlobalSection(SolutionProperties) = preSolution
		HideSolutionNode = FALSE
	EndGlobalSection
	GlobalSection(ExtensibilityGlobals) = postSolution
		SolutionGuid = {7EFF39FA-6C2C-47A5-AD5F-9EC7013E659A}
	EndGlobalSection
EndGlobal
